
Microsoft Visual Studio Solution File, Format Version 12.00
# Visual Studio 15
VisualStudioVersion = 15.0.27130.2036
MinimumVisualStudioVersion = 10.0.40219.1
Project("{FAE04EC0-301F-11D3-BF4B-00C04F79EFBC}") = "TextBoxWithPasswordEye", "TextBoxWithPasswordEye\TextBoxWithPasswordEye.csproj", "{C01766E3-9D2E-420D-9C4E-F2F06CB041BE}"
EndProject
Project("{2150E333-8FDC-42A3-9474-1A3956D46DE8}") = "Solution Items", "Solution Items", "{4474B430-0365-4DBF-BD6A-C033A7EE7FF8}"
	ProjectSection(SolutionItems) = preProject
		..\passwordeye.gif = ..\passwordeye.gif
		..\README.md = ..\README.md
	EndProjectSection
EndProject
Global
	GlobalSection(SolutionConfigurationPlatforms) = preSolution
		Debug|Any CPU = Debug|Any CPU
		Release|Any CPU = Release|Any CPU
	EndGlobalSection
	GlobalSection(ProjectConfigurationPlatforms) = postSolution
		{C01766E3-9D2E-420D-9C4E-F2F06CB041BE}.Debug|Any CPU.ActiveCfg = Debug|Any CPU
		{C01766E3-9D2E-420D-9C4E-F2F06CB041BE}.Debug|Any CPU.Build.0 = Debug|Any CPU
		{C01766E3-9D2E-420D-9C4E-F2F06CB041BE}.Release|Any CPU.ActiveCfg = Release|Any CPU
		{C01766E3-9D2E-420D-9C4E-F2F06CB041BE}.Release|Any CPU.Build.0 = Release|Any CPU
	EndGlobalSection
	GlobalSection(SolutionProperties) = preSolution
		HideSolutionNode = FALSE
	EndGlobalSection
	GlobalSection(ExtensibilityGlobals) = postSolution
		SolutionGuid = {806B49F0-FABF-468B-9813-855259B4B007}
	EndGlobalSection
EndGlobal
